// !$*UTF8*$!
{
	archiveVersion = 1;
	classes = {
	};
	objectVersion = 55;
	objects = {

/* Begin PBXBuildFile section */
		399FE4BD272AC1FB009649FB /* AppDelegate.swift in Sources */ = {isa = PBXBuildFile; fileRef = 399FE4BC272AC1FB009649FB /* AppDelegate.swift */; };
		399FE4BF272AC1FB009649FB /* SceneDelegate.swift in Sources */ = {isa = PBXBuildFile; fileRef = 399FE4BE272AC1FB009649FB /* SceneDelegate.swift */; };
		399FE4C1272AC1FB009649FB /* ViewController.swift in Sources */ = {isa = PBXBuildFile; fileRef = 399FE4C0272AC1FB009649FB /* ViewController.swift */; };
		399FE4C4272AC1FB009649FB /* Main.storyboard in Resources */ = {isa = PBXBuildFile; fileRef = 399FE4C2272AC1FB009649FB /* Main.storyboard */; };
		399FE4C6272AC1FD009649FB /* Assets.xcassets in Resources */ = {isa = PBXBuildFile; fileRef = 399FE4C5272AC1FD009649FB /* Assets.xcassets */; };
		399FE4C9272AC1FD009649FB /* LaunchScreen.storyboard in Resources */ = {isa = PBXBuildFile; fileRef = 399FE4C7272AC1FD009649FB /* LaunchScreen.storyboard */; };
		399FE4D4272AC256009649FB /* TableViewCell.swift in Sources */ = {isa = PBXBuildFile; fileRef = 399FE4D2272AC256009649FB /* TableViewCell.swift */; };
		399FE4D5272AC256009649FB /* TableViewCell.xib in Resources */ = {isa = PBXBuildFile; fileRef = 399FE4D3272AC256009649FB /* TableViewCell.xib */; };
		399FE4D9272AC296009649FB /* CollectionViewCell.swift in Sources */ = {isa = PBXBuildFile; fileRef = 399FE4D7272AC296009649FB /* CollectionViewCell.swift */; };
		399FE4DA272AC296009649FB /* CollectionViewCell.xib in Resources */ = {isa = PBXBuildFile; fileRef = 399FE4D8272AC296009649FB /* CollectionViewCell.xib */; };
		399FE4DD272AC71F009649FB /* UITableViewExtension.swift in Sources */ = {isa = PBXBuildFile; fileRef = 399FE4DC272AC71F009649FB /* UITableViewExtension.swift */; };
		399FE4E1272ACA0A009649FB /* DetailViewController.swift in Sources */ = {isa = PBXBuildFile; fileRef = 399FE4E0272ACA0A009649FB /* DetailViewController.swift */; };
		399FE4E3272ACA1F009649FB /* DetailScreen.storyboard in Resources */ = {isa = PBXBuildFile; fileRef = 399FE4E2272ACA1F009649FB /* DetailScreen.storyboard */; };
		399FE4E6272ADCF2009649FB /* Person.swift in Sources */ = {isa = PBXBuildFile; fileRef = 399FE4E5272ADCF2009649FB /* Person.swift */; };
/* End PBXBuildFile section */

/* Begin PBXFileReference section */
		399FE4B9272AC1FB009649FB /* TaskTBCV.app */ = {isa = PBXFileReference; explicitFileType = wrapper.application; includeInIndex = 0; path = TaskTBCV.app; sourceTree = BUILT_PRODUCTS_DIR; };
		399FE4BC272AC1FB009649FB /* AppDelegate.swift */ = {isa = PBXFileReference; lastKnownFileType = sourcecode.swift; path = AppDelegate.swift; sourceTree = "<group>"; };
		399FE4BE272AC1FB009649FB /* SceneDelegate.swift */ = {isa = PBXFileReference; lastKnownFileType = sourcecode.swift; path = SceneDelegate.swift; sourceTree = "<group>"; };
		399FE4C0272AC1FB009649FB /* ViewController.swift */ = {isa = PBXFileReference; lastKnownFileType = sourcecode.swift; path = ViewController.swift; sourceTree = "<group>"; };
		399FE4C3272AC1FB009649FB /* Base */ = {isa = PBXFileReference; lastKnownFileType = file.storyboard; name = Base; path = Base.lproj/Main.storyboard; sourceTree = "<group>"; };
		399FE4C5272AC1FD009649FB /* Assets.xcassets */ = {isa = PBXFileReference; lastKnownFileType = folder.assetcatalog; path = Assets.xcassets; sourceTree = "<group>"; };
		399FE4C8272AC1FD009649FB /* Base */ = {isa = PBXFileReference; lastKnownFileType = file.storyboard; name = Base; path = Base.lproj/LaunchScreen.storyboard; sourceTree = "<group>"; };
		399FE4CA272AC1FD009649FB /* Info.plist */ = {isa = PBXFileReference; lastKnownFileType = text.plist.xml; path = Info.plist; sourceTree = "<group>"; };
		399FE4D2272AC256009649FB /* TableViewCell.swift */ = {isa = PBXFileReference; lastKnownFileType = sourcecode.swift; path = TableViewCell.swift; sourceTree = "<group>"; };
		399FE4D3272AC256009649FB /* TableViewCell.xib */ = {isa = PBXFileReference; lastKnownFileType = file.xib; path = TableViewCell.xib; sourceTree = "<group>"; };
		399FE4D7272AC296009649FB /* CollectionViewCell.swift */ = {isa = PBXFileReference; lastKnownFileType = sourcecode.swift; path = CollectionViewCell.swift; sourceTree = "<group>"; };
		399FE4D8272AC296009649FB /* CollectionViewCell.xib */ = {isa = PBXFileReference; lastKnownFileType = file.xib; path = CollectionViewCell.xib; sourceTree = "<group>"; };
		399FE4DC272AC71F009649FB /* UITableViewExtension.swift */ = {isa = PBXFileReference; lastKnownFileType = sourcecode.swift; path = UITableViewExtension.swift; sourceTree = "<group>"; };
		399FE4E0272ACA0A009649FB /* DetailViewController.swift */ = {isa = PBXFileReference; lastKnownFileType = sourcecode.swift; path = DetailViewController.swift; sourceTree = "<group>"; };
		399FE4E2272ACA1F009649FB /* DetailScreen.storyboard */ = {isa = PBXFileReference; lastKnownFileType = file.storyboard; path = DetailScreen.storyboard; sourceTree = "<group>"; };
		399FE4E5272ADCF2009649FB /* Person.swift */ = {isa = PBXFileReference; lastKnownFileType = sourcecode.swift; path = Person.swift; sourceTree = "<group>"; };
/* End PBXFileReference section */

/* Begin PBXFrameworksBuildPhase section */
		399FE4B6272AC1FB009649FB /* Frameworks */ = {
			isa = PBXFrameworksBuildPhase;
			buildActionMask = 2147483647;
			files = (
			);
			runOnlyForDeploymentPostprocessing = 0;
		};
/* End PBXFrameworksBuildPhase section */

/* Begin PBXGroup section */
		399FE4B0272AC1FB009649FB = {
			isa = PBXGroup;
			children = (
				399FE4BB272AC1FB009649FB /* TaskTBCV */,
				399FE4BA272AC1FB009649FB /* Products */,
			);
			sourceTree = "<group>";
		};
		399FE4BA272AC1FB009649FB /* Products */ = {
			isa = PBXGroup;
			children = (
				399FE4B9272AC1FB009649FB /* TaskTBCV.app */,
			);
			name = Products;
			sourceTree = "<group>";
		};
		399FE4BB272AC1FB009649FB /* TaskTBCV */ = {
			isa = PBXGroup;
			children = (
				399FE4BC272AC1FB009649FB /* AppDelegate.swift */,
				399FE4BE272AC1FB009649FB /* SceneDelegate.swift */,
				399FE4DB272AC6EA009649FB /* Extension */,
				399FE4E4272ADCDF009649FB /* Model */,
				399FE4D0272AC221009649FB /* Scenes */,
				399FE4C5272AC1FD009649FB /* Assets.xcassets */,
				399FE4C7272AC1FD009649FB /* LaunchScreen.storyboard */,
				399FE4CA272AC1FD009649FB /* Info.plist */,
			);
			path = TaskTBCV;
			sourceTree = "<group>";
		};
		399FE4D0272AC221009649FB /* Scenes */ = {
			isa = PBXGroup;
			children = (
				399FE4DF272AC9DB009649FB /* Details */,
				399FE4DE272AC9CF009649FB /* Main */,
			);
			path = Scenes;
			sourceTree = "<group>";
		};
		399FE4D1272AC239009649FB /* TableViewCell */ = {
			isa = PBXGroup;
			children = (
				399FE4D6272AC271009649FB /* CollectonViewCell */,
				399FE4D2272AC256009649FB /* TableViewCell.swift */,
				399FE4D3272AC256009649FB /* TableViewCell.xib */,
			);
			path = TableViewCell;
			sourceTree = "<group>";
		};
		399FE4D6272AC271009649FB /* CollectonViewCell */ = {
			isa = PBXGroup;
			children = (
				399FE4D7272AC296009649FB /* CollectionViewCell.swift */,
				399FE4D8272AC296009649FB /* CollectionViewCell.xib */,
			);
			path = CollectonViewCell;
			sourceTree = "<group>";
		};
		399FE4DB272AC6EA009649FB /* Extension */ = {
			isa = PBXGroup;
			children = (
				399FE4DC272AC71F009649FB /* UITableViewExtension.swift */,
			);
			path = Extension;
			sourceTree = "<group>";
		};
		399FE4DE272AC9CF009649FB /* Main */ = {
			isa = PBXGroup;
			children = (
				399FE4D1272AC239009649FB /* TableViewCell */,
				399FE4C0272AC1FB009649FB /* ViewController.swift */,
				399FE4C2272AC1FB009649FB /* Main.storyboard */,
			);
			path = Main;
			sourceTree = "<group>";
		};
		399FE4DF272AC9DB009649FB /* Details */ = {
			isa = PBXGroup;
			children = (
				399FE4E0272ACA0A009649FB /* DetailViewController.swift */,
				399FE4E2272ACA1F009649FB /* DetailScreen.storyboard */,
			);
			path = Details;
			sourceTree = "<group>";
		};
		399FE4E4272ADCDF009649FB /* Model */ = {
			isa = PBXGroup;
			children = (
				399FE4E5272ADCF2009649FB /* Person.swift */,
			);
			path = Model;
			sourceTree = "<group>";
		};
/* End PBXGroup section */

/* Begin PBXNativeTarget section */
		399FE4B8272AC1FB009649FB /* TaskTBCV */ = {
			isa = PBXNativeTarget;
			buildConfigurationList = 399FE4CD272AC1FD009649FB /* Build configuration list for PBXNativeTarget "TaskTBCV" */;
			buildPhases = (
				399FE4B5272AC1FB009649FB /* Sources */,
				399FE4B6272AC1FB009649FB /* Frameworks */,
				399FE4B7272AC1FB009649FB /* Resources */,
			);
			buildRules = (
			);
			dependencies = (
			);
			name = TaskTBCV;
			productName = TaskTBCV;
			productReference = 399FE4B9272AC1FB009649FB /* TaskTBCV.app */;
			productType = "com.apple.product-type.application";
		};
/* End PBXNativeTarget section */

/* Begin PBXProject section */
		399FE4B1272AC1FB009649FB /* Project object */ = {
			isa = PBXProject;
			attributes = {
				BuildIndependentTargetsInParallel = 1;
				LastSwiftUpdateCheck = 1300;
				LastUpgradeCheck = 1300;
				TargetAttributes = {
					399FE4B8272AC1FB009649FB = {
						CreatedOnToolsVersion = 13.0;
					};
				};
			};
			buildConfigurationList = 399FE4B4272AC1FB009649FB /* Build configuration list for PBXProject "TaskTBCV" */;
			compatibilityVersion = "Xcode 13.0";
			developmentRegion = en;
			hasScannedForEncodings = 0;
			knownRegions = (
				en,
				Base,
			);
			mainGroup = 399FE4B0272AC1FB009649FB;
			productRefGroup = 399FE4BA272AC1FB009649FB /* Products */;
			projectDirPath = "";
			projectRoot = "";
			targets = (
				399FE4B8272AC1FB009649FB /* TaskTBCV */,
			);
		};
/* End PBXProject section */

/* Begin PBXResourcesBuildPhase section */
		399FE4B7272AC1FB009649FB /* Resources */ = {
			isa = PBXResourcesBuildPhase;
			buildActionMask = 2147483647;
			files = (
				399FE4C9272AC1FD009649FB /* LaunchScreen.storyboard in Resources */,
				399FE4E3272ACA1F009649FB /* DetailScreen.storyboard in Resources */,
				399FE4D5272AC256009649FB /* TableViewCell.xib in Resources */,
				399FE4C6272AC1FD009649FB /* Assets.xcassets in Resources */,
				399FE4C4272AC1FB009649FB /* Main.storyboard in Resources */,
				399FE4DA272AC296009649FB /* CollectionViewCell.xib in Resources */,
			);
			runOnlyForDeploymentPostprocessing = 0;
		};
/* End PBXResourcesBuildPhase section */

/* Begin PBXSourcesBuildPhase section */
		399FE4B5272AC1FB009649FB /* Sources */ = {
			isa = PBXSourcesBuildPhase;
			buildActionMask = 2147483647;
			files = (
				399FE4D9272AC296009649FB /* CollectionViewCell.swift in Sources */,
				399FE4C1272AC1FB009649FB /* ViewController.swift in Sources */,
				399FE4D4272AC256009649FB /* TableViewCell.swift in Sources */,
				399FE4DD272AC71F009649FB /* UITableViewExtension.swift in Sources */,
				399FE4BD272AC1FB009649FB /* AppDelegate.swift in Sources */,
				399FE4BF272AC1FB009649FB /* SceneDelegate.swift in Sources */,
				399FE4E6272ADCF2009649FB /* Person.swift in Sources */,
				399FE4E1272ACA0A009649FB /* DetailViewController.swift in Sources */,
			);
			runOnlyForDeploymentPostprocessing = 0;
		};
/* End PBXSourcesBuildPhase section */

/* Begin PBXVariantGroup section */
		399FE4C2272AC1FB009649FB /* Main.storyboard */ = {
			isa = PBXVariantGroup;
			children = (
				399FE4C3272AC1FB009649FB /* Base */,
			);
			name = Main.storyboard;
			sourceTree = "<group>";
		};
		399FE4C7272AC1FD009649FB /* LaunchScreen.storyboard */ = {
			isa = PBXVariantGroup;
			children = (
				399FE4C8272AC1FD009649FB /* Base */,
			);
			name = LaunchScreen.storyboard;
			sourceTree = "<group>";
		};
/* End PBXVariantGroup section */

/* Begin XCBuildConfiguration section */
		399FE4CB272AC1FD009649FB /* Debug */ = {
			isa = XCBuildConfiguration;
			buildSettings = {
				ALWAYS_SEARCH_USER_PATHS = NO;
				CLANG_ANALYZER_NONNULL = YES;
				CLANG_ANALYZER_NUMBER_OBJECT_CONVERSION = YES_AGGRESSIVE;
				CLANG_CXX_LANGUAGE_STANDARD = "gnu++17";
				CLANG_CXX_LIBRARY = "libc++";
				CLANG_ENABLE_MODULES = YES;
				CLANG_ENABLE_OBJC_ARC = YES;
				CLANG_ENABLE_OBJC_WEAK = YES;
				CLANG_WARN_BLOCK_CAPTURE_AUTORELEASING = YES;
				CLANG_WARN_BOOL_CONVERSION = YES;
				CLANG_WARN_COMMA = YES;
				CLANG_WARN_CONSTANT_CONVERSION = YES;
				CLANG_WARN_DEPRECATED_OBJC_IMPLEMENTATIONS = YES;
				CLANG_WARN_DIRECT_OBJC_ISA_USAGE = YES_ERROR;
				CLANG_WARN_DOCUMENTATION_COMMENTS = YES;
				CLANG_WARN_EMPTY_BODY = YES;
				CLANG_WARN_ENUM_CONVERSION = YES;
				CLANG_WARN_INFINITE_RECURSION = YES;
				CLANG_WARN_INT_CONVERSION = YES;
				CLANG_WARN_NON_LITERAL_NULL_CONVERSION = YES;
				CLANG_WARN_OBJC_IMPLICIT_RETAIN_SELF = YES;
				CLANG_WARN_OBJC_LITERAL_CONVERSION = YES;
				CLANG_WARN_OBJC_ROOT_CLASS = YES_ERROR;
				CLANG_WARN_QUOTED_INCLUDE_IN_FRAMEWORK_HEADER = YES;
				CLANG_WARN_RANGE_LOOP_ANALYSIS = YES;
				CLANG_WARN_STRICT_PROTOTYPES = YES;
				CLANG_WARN_SUSPICIOUS_MOVE = YES;
				CLANG_WARN_UNGUARDED_AVAILABILITY = YES_AGGRESSIVE;
				CLANG_WARN_UNREACHABLE_CODE = YES;
				CLANG_WARN__DUPLICATE_METHOD_MATCH = YES;
				COPY_PHASE_STRIP = NO;
				DEBUG_INFORMATION_FORMAT = dwarf;
				ENABLE_STRICT_OBJC_MSGSEND = YES;
				ENABLE_TESTABILITY = YES;
				GCC_C_LANGUAGE_STANDARD = gnu11;
				GCC_DYNAMIC_NO_PIC = NO;
				GCC_NO_COMMON_BLOCKS = YES;
				GCC_OPTIMIZATION_LEVEL = 0;
				GCC_PREPROCESSOR_DEFINITIONS = (
					"DEBUG=1",
					"$(inherited)",
				);
				GCC_WARN_64_TO_32_BIT_CONVERSION = YES;
				GCC_WARN_ABOUT_RETURN_TYPE = YES_ERROR;
				GCC_WARN_UNDECLARED_SELECTOR = YES;
				GCC_WARN_UNINITIALIZED_AUTOS = YES_AGGRESSIVE;
				GCC_WARN_UNUSED_FUNCTION = YES;
				GCC_WARN_UNUSED_VARIABLE = YES;
				IPHONEOS_DEPLOYMENT_TARGET = 15.0;
				MTL_ENABLE_DEBUG_INFO = INCLUDE_SOURCE;
				MTL_FAST_MATH = YES;
				ONLY_ACTIVE_ARCH = YES;
				SDKROOT = iphoneos;
				SWIFT_ACTIVE_COMPILATION_CONDITIONS = DEBUG;
				SWIFT_OPTIMIZATION_LEVEL = "-Onone";
			};
			name = Debug;
		};
		399FE4CC272AC1FD009649FB /* Release */ = {
			isa = XCBuildConfiguration;
			buildSettings = {
				ALWAYS_SEARCH_USER_PATHS = NO;
				CLANG_ANALYZER_NONNULL = YES;
				CLANG_ANALYZER_NUMBER_OBJECT_CONVERSION = YES_AGGRESSIVE;
				CLANG_CXX_LANGUAGE_STANDARD = "gnu++17";
				CLANG_CXX_LIBRARY = "libc++";
				CLANG_ENABLE_MODULES = YES;
				CLANG_ENABLE_OBJC_ARC = YES;
				CLANG_ENABLE_OBJC_WEAK = YES;
				CLANG_WARN_BLOCK_CAPTURE_AUTORELEASING = YES;
				CLANG_WARN_BOOL_CONVERSION = YES;
				CLANG_WARN_COMMA = YES;
				CLANG_WARN_CONSTANT_CONVERSION = YES;
				CLANG_WARN_DEPRECATED_OBJC_IMPLEMENTATIONS = YES;
				CLANG_WARN_DIRECT_OBJC_ISA_USAGE = YES_ERROR;
				CLANG_WARN_DOCUMENTATION_COMMENTS = YES;
				CLANG_WARN_EMPTY_BODY = YES;
				CLANG_WARN_ENUM_CONVERSION = YES;
				CLANG_WARN_INFINITE_RECURSION = YES;
				CLANG_WARN_INT_CONVERSION = YES;
				CLANG_WARN_NON_LITERAL_NULL_CONVERSION = YES;
				CLANG_WARN_OBJC_IMPLICIT_RETAIN_SELF = YES;
				CLANG_WARN_OBJC_LITERAL_CONVERSION = YES;
				CLANG_WARN_OBJC_ROOT_CLASS = YES_ERROR;
				CLANG_WARN_QUOTED_INCLUDE_IN_FRAMEWORK_HEADER = YES;
				CLANG_WARN_RANGE_LOOP_ANALYSIS = YES;
				CLANG_WARN_STRICT_PROTOTYPES = YES;
				CLANG_WARN_SUSPICIOUS_MOVE = YES;
				CLANG_WARN_UNGUARDED_AVAILABILITY = YES_AGGRESSIVE;
				CLANG_WARN_UNREACHABLE_CODE = YES;
				CLANG_WARN__DUPLICATE_METHOD_MATCH = YES;
				COPY_PHASE_STRIP = NO;
				DEBUG_INFORMATION_FORMAT = "dwarf-with-dsym";
				ENABLE_NS_ASSERTIONS = NO;
				ENABLE_STRICT_OBJC_MSGSEND = YES;
				GCC_C_LANGUAGE_STANDARD = gnu11;
				GCC_NO_COMMON_BLOCKS = YES;
				GCC_WARN_64_TO_32_BIT_CONVERSION = YES;
				GCC_WARN_ABOUT_RETURN_TYPE = YES_ERROR;
				GCC_WARN_UNDECLARED_SELECTOR = YES;
				GCC_WARN_UNINITIALIZED_AUTOS = YES_AGGRESSIVE;
				GCC_WARN_UNUSED_FUNCTION = YES;
				GCC_WARN_UNUSED_VARIABLE = YES;
				IPHONEOS_DEPLOYMENT_TARGET = 15.0;
				MTL_ENABLE_DEBUG_INFO = NO;
				MTL_FAST_MATH = YES;
				SDKROOT = iphoneos;
				SWIFT_COMPILATION_MODE = wholemodule;
				SWIFT_OPTIMIZATION_LEVEL = "-O";
				VALIDATE_PRODUCT = YES;
			};
			name = Release;
		};
		399FE4CE272AC1FD009649FB /* Debug */ = {
			isa = XCBuildConfiguration;
			buildSettings = {
				ASSETCATALOG_COMPILER_APPICON_NAME = AppIcon;
				ASSETCATALOG_COMPILER_GLOBAL_ACCENT_COLOR_NAME = AccentColor;
				CODE_SIGN_STYLE = Automatic;
				CURRENT_PROJECT_VERSION = 1;
				DEVELOPMENT_TEAM = 92WH2S2Z85;
				GENERATE_INFOPLIST_FILE = YES;
				INFOPLIST_FILE = TaskTBCV/Info.plist;
				INFOPLIST_KEY_UIApplicationSupportsIndirectInputEvents = YES;
				INFOPLIST_KEY_UILaunchStoryboardName = LaunchScreen;
				INFOPLIST_KEY_UIMainStoryboardFile = Main;
				INFOPLIST_KEY_UISupportedInterfaceOrientations_iPad = "UIInterfaceOrientationPortrait UIInterfaceOrientationPortraitUpsideDown UIInterfaceOrientationLandscapeLeft UIInterfaceOrientationLandscapeRight";
				INFOPLIST_KEY_UISupportedInterfaceOrientations_iPhone = "UIInterfaceOrientationPortrait UIInterfaceOrientationLandscapeLeft UIInterfaceOrientationLandscapeRight";
				LD_RUNPATH_SEARCH_PATHS = (
					"$(inherited)",
					"@executable_path/Frameworks",
				);
				MARKETING_VERSION = 1.0;
				PRODUCT_BUNDLE_IDENTIFIER = space.TaskTBCV;
				PRODUCT_NAME = "$(TARGET_NAME)";
				SWIFT_EMIT_LOC_STRINGS = YES;
				SWIFT_VERSION = 5.0;
				TARGETED_DEVICE_FAMILY = "1,2";
			};
			name = Debug;
		};
		399FE4CF272AC1FD009649FB /* Release */ = {
			isa = XCBuildConfiguration;
			buildSettings = {
				ASSETCATALOG_COMPILER_APPICON_NAME = AppIcon;
				ASSETCATALOG_COMPILER_GLOBAL_ACCENT_COLOR_NAME = AccentColor;
				CODE_SIGN_STYLE = Automatic;
				CURRENT_PROJECT_VERSION = 1;
				DEVELOPMENT_TEAM = 92WH2S2Z85;
				GENERATE_INFOPLIST_FILE = YES;
				INFOPLIST_FILE = TaskTBCV/Info.plist;
				INFOPLIST_KEY_UIApplicationSupportsIndirectInputEvents = YES;
				INFOPLIST_KEY_UILaunchStoryboardName = LaunchScreen;
				INFOPLIST_KEY_UIMainStoryboardFile = Main;
				INFOPLIST_KEY_UISupportedInterfaceOrientations_iPad = "UIInterfaceOrientationPortrait UIInterfaceOrientationPortraitUpsideDown UIInterfaceOrientationLandscapeLeft UIInterfaceOrientationLandscapeRight";
				INFOPLIST_KEY_UISupportedInterfaceOrientations_iPhone = "UIInterfaceOrientationPortrait UIInterfaceOrientationLandscapeLeft UIInterfaceOrientationLandscapeRight";
				LD_RUNPATH_SEARCH_PATHS = (
					"$(inherited)",
					"@executable_path/Frameworks",
				);
				MARKETING_VERSION = 1.0;
				PRODUCT_BUNDLE_IDENTIFIER = space.TaskTBCV;
				PRODUCT_NAME = "$(TARGET_NAME)";
				SWIFT_EMIT_LOC_STRINGS = YES;
				SWIFT_VERSION = 5.0;
				TARGETED_DEVICE_FAMILY = "1,2";
			};
			name = Release;
		};
/* End XCBuildConfiguration section */

/* Begin XCConfigurationList section */
		399FE4B4272AC1FB009649FB /* Build configuration list for PBXProject "TaskTBCV" */ = {
			isa = XCConfigurationList;
			buildConfigurations = (
				399FE4CB272AC1FD009649FB /* Debug */,
				399FE4CC272AC1FD009649FB /* Release */,
			);
			defaultConfigurationIsVisible = 0;
			defaultConfigurationName = Release;
		};
		399FE4CD272AC1FD009649FB /* Build configuration list for PBXNativeTarget "TaskTBCV" */ = {
			isa = XCConfigurationList;
			buildConfigurations = (
				399FE4CE272AC1FD009649FB /* Debug */,
				399FE4CF272AC1FD009649FB /* Release */,
			);
			defaultConfigurationIsVisible = 0;
			defaultConfigurationName = Release;
		};
/* End XCConfigurationList section */
	};
	rootObject = 399FE4B1272AC1FB009649FB /* Project object */;
}
